schema: '2.0'
stages:
  prepare:
    cmd: python src/prepare.py
    deps:
    - path: data/patient_outcomes.csv
      hash: md5
      md5: 287eea04191b6e30a2f5537df578b9d6
      size: 22109
    - path: src/prepare.py
      hash: md5
      md5: 5a8e6d8bdd4e99ca2f437ea90f385032
      size: 637
    outs:
    - path: data/prepared/
      hash: md5
      md5: bc51169c2ca70a92aa79f3148946ae4d.dir
      size: 35108
      nfiles: 2
  train:
    cmd: python src/train.py
    deps:
    - path: data/prepared/
      hash: md5
      md5: 79fe7375020750e6dbb5a25ea562f3db.dir
      size: 35108
      nfiles: 2
    - path: src/train.py
      hash: md5
      md5: 804bc5aaea364c4b0c6ae366d01a301a
      size: 904
    params:
      params.yaml:
        train.max_depth: 15
        train.n_estimators: 200
    outs:
    - path: metrics.json
      hash: md5
      md5: d6098ff3f6dcb3bc3b1f09a6caf916c3
      size: 28
    - path: models/model.pkl
      hash: md5
      md5: 1598141ddb62f7d422790e76678718ef
      size: 6414493
  evaluate:
    cmd: python src/evaluate.py
    deps:
    - path: data/prepared/
      hash: md5
      md5: 79fe7375020750e6dbb5a25ea562f3db.dir
      size: 35108
      nfiles: 2
    - path: models/model.pkl
      hash: md5
      md5: 1598141ddb62f7d422790e76678718ef
      size: 6414493
    - path: src/evaluate.py
      hash: md5
      md5: c2d00413f3161d10712aba3002165962
      size: 819
    outs:
    - path: eval_metrics.json
      hash: md5
      md5: 76f5a2a8352a0a7c6ec467e0005a4298
      size: 43
    - path: plots/roc.csv
      hash: md5
      md5: c2fa16f18aa52b4f771f5dbf5a88ed61
      size: 3293
